{
  "requires": true,
  "lockfileVersion": 1,
  "dependencies": {
    "@babel/runtime": {
      "version": "7.12.1",
      "resolved": "https://registry.npmjs.org/@babel/runtime/-/runtime-7.12.1.tgz",
      "integrity": "sha512-J5AIf3vPj3UwXaAzb5j1xM4WAQDX3EMgemF8rjCP3SoW09LfRKAXQKt6CoVYl230P6iWdRcBbnLDDdnqWxZSCA==",
      "requires": {
        "regenerator-runtime": "^0.13.4"
      }
    },
    "@babel/runtime-corejs3": {
      "version": "7.12.1",
      "resolved": "https://registry.npmjs.org/@babel/runtime-corejs3/-/runtime-corejs3-7.12.1.tgz",
      "integrity": "sha512-umhPIcMrlBZ2aTWlWjUseW9LjQKxi1dpFlQS8DzsxB//5K+u6GLTC/JliPKHsd5kJVPIU6X/Hy0YvWOYPcMxBw==",
      "requires": {
        "core-js-pure": "^3.0.0",
        "regenerator-runtime": "^0.13.4"
      }
    },
    "async": {
      "version": "0.1.22",
      "resolved": "https://registry.npmjs.org/async/-/async-0.1.22.tgz",
      "integrity": "sha1-D8GqoIig4+8Ovi2IMbqw3PiEUGE="
    },
    "core-js-pure": {
      "version": "3.7.0",
      "resolved": "https://registry.npmjs.org/core-js-pure/-/core-js-pure-3.7.0.tgz",
      "integrity": "sha512-EZD2ckZysv8MMt4J6HSvS9K2GdtlZtdBncKAmF9lr2n0c9dJUaUN88PSTjvgwCgQPWKTkERXITgS6JJRAnljtg=="
    },
    "crypto-js": {
      "version": "4.0.0",
      "resolved": "https://registry.npmjs.org/crypto-js/-/crypto-js-4.0.0.tgz",
      "integrity": "sha512-bzHZN8Pn+gS7DQA6n+iUmBfl0hO5DJq++QP3U6uTucDtk/0iGpXd/Gg7CGR0p8tJhofJyaKoWBuJI4eAO00BBg=="
    },
    "dref": {
      "version": "0.0.6",
      "resolved": "https://registry.npmjs.org/dref/-/dref-0.0.6.tgz",
      "integrity": "sha1-SOJllJNksDpBPLCdmXMo/P8rlmw=",
      "requires": {
        "dref": "0.0.x",
        "structr": "0.2.x",
        "type-component": "0.0.x"
      }
    },
    "outcome": {
      "version": "0.0.18",
      "resolved": "https://registry.npmjs.org/outcome/-/outcome-0.0.18.tgz",
      "integrity": "sha1-encgIypLxWMcJ8qAcFtt3nU25js="
    },
    "parse": {
      "version": "2.18.0",
      "resolved": "https://registry.npmjs.org/parse/-/parse-2.18.0.tgz",
      "integrity": "sha512-RaSLhcpTZIaITanJY3YzVASyLaCTBh0v4Bq0M3nrKGQXWa9/iscWtidPhV6xpSBzat53aqO4eL3L5J1zwZzsUg==",
      "requires": {
        "@babel/runtime": "7.12.1",
        "@babel/runtime-corejs3": "7.12.1",
        "crypto-js": "4.0.0",
        "react-native-crypto-js": "1.0.0",
        "uuid": "3.4.0",
        "ws": "7.3.1",
        "xmlhttprequest": "1.8.0"
      }
    },
    "react-native-crypto-js": {
      "version": "1.0.0",
      "resolved": "https://registry.npmjs.org/react-native-crypto-js/-/react-native-crypto-js-1.0.0.tgz",
      "integrity": "sha512-FNbLuG/HAdapQoybeZSoes1PWdOj0w242gb+e1R0hicf3Gyj/Mf8M9NaED2AnXVOX01b2FXomwUiw1xP1K+8sA=="
    },
    "regenerator-runtime": {
      "version": "0.13.7",
      "resolved": "https://registry.npmjs.org/regenerator-runtime/-/regenerator-runtime-0.13.7.tgz",
      "integrity": "sha512-a54FxoJDIr27pgf7IgeQGxmqUNYrcV338lf/6gH456HZ/PhX+5BcwHXG9ajESmwe6WRO0tAzRUrRmNONWgkrew=="
    },
    "resolve": {
      "version": "0.2.8",
      "resolved": "https://registry.npmjs.org/resolve/-/resolve-0.2.8.tgz",
      "integrity": "sha1-/bF9SrsOyvb4DWesA88pAIj2wNA="
    },
    "sift": {
      "version": "0.0.18",
      "resolved": "https://registry.npmjs.org/sift/-/sift-0.0.18.tgz",
      "integrity": "sha1-HV85c14ktGVD2AbSdMgZf9ksVKQ="
    },
    "step": {
      "version": "0.0.6",
      "resolved": "https://registry.npmjs.org/step/-/step-0.0.6.tgz",
      "integrity": "sha1-FD54SaXX0/SgiP4pr5SRUhbu7eI="
    },
    "structr": {
      "version": "0.2.4",
      "resolved": "https://registry.npmjs.org/structr/-/structr-0.2.4.tgz",
      "integrity": "sha1-ihWqtQG8WTM/sdUpchvonxvD3JM="
    },
    "toarray": {
      "version": "0.0.1",
      "resolved": "https://registry.npmjs.org/toarray/-/toarray-0.0.1.tgz",
      "integrity": "sha1-oRVDCoSkvpGydG9iueB8g6P7jEU="
    },
    "type-component": {
      "version": "0.0.1",
      "resolved": "https://registry.npmjs.org/type-component/-/type-component-0.0.1.tgz",
      "integrity": "sha1-lSpsgcIe/STRPYEdDISYy4YOGVY="
    },
    "underscore": {
      "version": "1.4.4",
      "resolved": "https://registry.npmjs.org/underscore/-/underscore-1.4.4.tgz",
      "integrity": "sha1-YaajIBBiKvoHljvzJSA88SI51gQ="
    },
    "uuid": {
      "version": "3.4.0",
      "resolved": "https://registry.npmjs.org/uuid/-/uuid-3.4.0.tgz",
      "integrity": "sha512-HjSDRw6gZE5JMggctHBcjVak08+KEVhSIiDzFnT9S9aegmp85S/bReBVTb4QTFaRNptJ9kuYaNhnbNEOkbKb/A=="
    },
    "uview-ui": {
      "version": "1.8.2",
      "resolved": "https://registry.npmjs.org/uview-ui/-/uview-ui-1.8.2.tgz",
      "integrity": "sha512-6IfGC0ZzrgYhwloC57Ehg8pgStCg54WnjMGAN602AVOXBpxw14TwMDAVefKcw6LWJOLPNoh0zJAvWWX955YH8g=="
    },
    "ws": {
      "version": "7.3.1",
      "resolved": "https://registry.npmjs.org/ws/-/ws-7.3.1.tgz",
      "integrity": "sha512-D3RuNkynyHmEJIpD2qrgVkc9DQ23OrN/moAwZX4L8DfvszsJxpjQuUq3LMx6HoYji9fbIOBY18XWBsAux1ZZUA=="
    },
    "xmlhttprequest": {
      "version": "1.8.0",
      "resolved": "https://registry.npmjs.org/xmlhttprequest/-/xmlhttprequest-1.8.0.tgz",
      "integrity": "sha1-Z/4HXFwk/vOfnWX197f+dRcZaPw="
    }
  }
}
